
Microsoft Visual Studio Solution File, Format Version 12.00
# Visual Studio Version 16
VisualStudioVersion = 16.0.30413.136
MinimumVisualStudioVersion = 10.0.40219.1
Project("{FAE04EC0-301F-11D3-BF4B-00C04F79EFBC}") = "clase-2", "clase-2\clase-2.csproj", "{4D0DEB65-4B63-4AD3-AD41-902580FFAE34}"
EndProject
Global
	GlobalSection(SolutionConfigurationPlatforms) = preSolution
		Debug|Any CPU = Debug|Any CPU
		Release|Any CPU = Release|Any CPU
	EndGlobalSection
	GlobalSection(ProjectConfigurationPlatforms) = postSolution
		{4D0DEB65-4B63-4AD3-AD41-902580FFAE34}.Debug|Any CPU.ActiveCfg = Debug|Any CPU
		{4D0DEB65-4B63-4AD3-AD41-902580FFAE34}.Debug|Any CPU.Build.0 = Debug|Any CPU
		{4D0DEB65-4B63-4AD3-AD41-902580FFAE34}.Release|Any CPU.ActiveCfg = Release|Any CPU
		{4D0DEB65-4B63-4AD3-AD41-902580FFAE34}.Release|Any CPU.Build.0 = Release|Any CPU
	EndGlobalSection
	GlobalSection(SolutionProperties) = preSolution
		HideSolutionNode = FALSE
	EndGlobalSection
	GlobalSection(ExtensibilityGlobals) = postSolution
		SolutionGuid = {F8752493-C624-4BA6-AA0B-598B9DE58351}
	EndGlobalSection
EndGlobal
